<?xml version="1.0" encoding="utf-8"?>
<Project ToolsVersion="4.0" xmlns="http://schemas.microsoft.com/developer/msbuild/2003">
  <ItemGroup>
    <Filter Include="Pliki źródłowe">
      <UniqueIdentifier>{4FC737F1-C7A5-4376-A066-2A32D752A2FF}</UniqueIdentifier>
      <Extensions>cpp;c;cc;cxx;c++;cppm;ixx;def;odl;idl;hpj;bat;asm;asmx</Extensions>
    </Filter>
    <Filter Include="Pliki nagłówkowe">
      <UniqueIdentifier>{93995380-89BD-4b04-88EB-625FBE52EBFB}</UniqueIdentifier>
      <Extensions>h;hh;hpp;hxx;h++;hm;inl;inc;ipp;xsd</Extensions>
    </Filter>
    <Filter Include="Pliki zasobów">
      <UniqueIdentifier>{67DA6AB6-F800-4c08-8B7A-83BB121AAD01}</UniqueIdentifier>
      <Extensions>rc;ico;cur;bmp;dlg;rc2;rct;bin;rgs;gif;jpg;jpeg;jpe;resx;tiff;tif;png;wav;mfcribbon-ms</Extensions>
    </Filter>
    <Filter Include="Pliki źródłowe\include">
      <UniqueIdentifier>{bacfbc6c-3efa-436d-a39c-e49e669dcf24}</UniqueIdentifier>
    </Filter>
    <Filter Include="Pliki źródłowe\src">
      <UniqueIdentifier>{be0c98a1-ac6b-4bc2-8526-35471e61bf50}</UniqueIdentifier>
    </Filter>
  </ItemGroup>
  <ItemGroup>
    <ClCompile Include="main.cpp">
      <Filter>Pliki źródłowe</Filter>
    </ClCompile>
    <ClCompile Include="RaceMenu.cpp">
      <Filter>Pliki źródłowe\src</Filter>
    </ClCompile>
    <ClCompile Include="TireMenu.cpp">
      <Filter>Pliki źródłowe\src</Filter>
    </ClCompile>
    <ClCompile Include="TrackInfo.cpp">
      <Filter>Pliki źródłowe\src</Filter>
    </ClCompile>
    <ClCompile Include="Simulation.cpp">
      <Filter>Pliki źródłowe\src</Filter>
    </ClCompile>
    <ClCompile Include="SimulationFlow.cpp">
      <Filter>Pliki źródłowe\src</Filter>
    </ClCompile>
    <ClCompile Include="InputUtils.cpp">
      <Filter>Pliki źródłowe\src</Filter>
    </ClCompile>
    <ClCompile Include="HelpDisplay.cpp">
      <Filter>Pliki źródłowe\src</Filter>
    </ClCompile>
  </ItemGroup>
  <ItemGroup>
    <ClInclude Include="RaceMenu.h">
      <Filter>Pliki źródłowe\include</Filter>
    </ClInclude>
    <ClInclude Include="TireMenu.h">
      <Filter>Pliki źródłowe\include</Filter>
    </ClInclude>
    <ClInclude Include="TrackInfo.h">
      <Filter>Pliki źródłowe\include</Filter>
    </ClInclude>
    <ClInclude Include="Simulation.h">
      <Filter>Pliki źródłowe\include</Filter>
    </ClInclude>
    <ClInclude Include="SimulationFlow.h">
      <Filter>Pliki źródłowe\include</Filter>
    </ClInclude>
    <ClInclude Include="InputUtils.h">
      <Filter>Pliki źródłowe\include</Filter>
    </ClInclude>
    <ClInclude Include="HelpDisplay.h">
      <Filter>Pliki źródłowe\include</Filter>
    </ClInclude>
  </ItemGroup>
</Project>